
Microsoft Visual Studio Solution File, Format Version 12.00
# Visual Studio Version 17
VisualStudioVersion = 17.14.36127.28
MinimumVisualStudioVersion = 10.0.40219.1
Project("{FAE04EC0-301F-11D3-BF4B-00C04F79EFBC}") = "SDI.Abstraction", "SDI.Abstraction\SDI.Abstraction.csproj", "{576BC673-D417-4F83-9A8E-EC3F1BE1AD24}"
EndProject
Project("{2150E333-8FDC-42A3-9474-1A3956D46DE8}") = "Элементы решения", "Элементы решения", "{754FC069-D67B-A9D7-50A1-8D1CA196D8F1}"
	ProjectSection(SolutionItems) = preProject
		.editorconfig = .editorconfig
		Directory.Build.props = Directory.Build.props
	EndProjectSection
EndProject
Project("{FAE04EC0-301F-11D3-BF4B-00C04F79EFBC}") = "SDI", "SDI\SDI.csproj", "{3C6F6AD6-DF9B-4701-B48E-36766B9A6FC9}"
EndProject
Project("{FAE04EC0-301F-11D3-BF4B-00C04F79EFBC}") = "SDI.Tests", "SDI.Tests\SDI.Tests.csproj", "{71CC71D1-5E3B-4FB4-AA26-B0DA797CF681}"
EndProject
Project("{FAE04EC0-301F-11D3-BF4B-00C04F79EFBC}") = "SDI.Reflection", "SDI.Reflection\SDI.Reflection.csproj", "{CE86EC65-24E8-46BB-AA8C-1DC94A3B4982}"
EndProject
Global
	GlobalSection(SolutionConfigurationPlatforms) = preSolution
		Debug|Any CPU = Debug|Any CPU
		Release|Any CPU = Release|Any CPU
	EndGlobalSection
	GlobalSection(ProjectConfigurationPlatforms) = postSolution
		{576BC673-D417-4F83-9A8E-EC3F1BE1AD24}.Debug|Any CPU.ActiveCfg = Debug|Any CPU
		{576BC673-D417-4F83-9A8E-EC3F1BE1AD24}.Debug|Any CPU.Build.0 = Debug|Any CPU
		{576BC673-D417-4F83-9A8E-EC3F1BE1AD24}.Release|Any CPU.ActiveCfg = Release|Any CPU
		{576BC673-D417-4F83-9A8E-EC3F1BE1AD24}.Release|Any CPU.Build.0 = Release|Any CPU
		{3C6F6AD6-DF9B-4701-B48E-36766B9A6FC9}.Debug|Any CPU.ActiveCfg = Debug|Any CPU
		{3C6F6AD6-DF9B-4701-B48E-36766B9A6FC9}.Debug|Any CPU.Build.0 = Debug|Any CPU
		{3C6F6AD6-DF9B-4701-B48E-36766B9A6FC9}.Release|Any CPU.ActiveCfg = Release|Any CPU
		{3C6F6AD6-DF9B-4701-B48E-36766B9A6FC9}.Release|Any CPU.Build.0 = Release|Any CPU
		{71CC71D1-5E3B-4FB4-AA26-B0DA797CF681}.Debug|Any CPU.ActiveCfg = Debug|Any CPU
		{71CC71D1-5E3B-4FB4-AA26-B0DA797CF681}.Debug|Any CPU.Build.0 = Debug|Any CPU
		{71CC71D1-5E3B-4FB4-AA26-B0DA797CF681}.Release|Any CPU.ActiveCfg = Release|Any CPU
		{71CC71D1-5E3B-4FB4-AA26-B0DA797CF681}.Release|Any CPU.Build.0 = Release|Any CPU
		{CE86EC65-24E8-46BB-AA8C-1DC94A3B4982}.Debug|Any CPU.ActiveCfg = Debug|Any CPU
		{CE86EC65-24E8-46BB-AA8C-1DC94A3B4982}.Debug|Any CPU.Build.0 = Debug|Any CPU
		{CE86EC65-24E8-46BB-AA8C-1DC94A3B4982}.Release|Any CPU.ActiveCfg = Release|Any CPU
		{CE86EC65-24E8-46BB-AA8C-1DC94A3B4982}.Release|Any CPU.Build.0 = Release|Any CPU
	EndGlobalSection
	GlobalSection(SolutionProperties) = preSolution
		HideSolutionNode = FALSE
	EndGlobalSection
	GlobalSection(ExtensibilityGlobals) = postSolution
		SolutionGuid = {3ACE8CAA-61EA-4E50-B36F-00CBE1595BE1}
	EndGlobalSection
EndGlobal
